
Microsoft Visual Studio Solution File, Format Version 12.00
# Visual Studio Version 16
VisualStudioVersion = 16.0.29409.12
MinimumVisualStudioVersion = 10.0.40219.1
Project("{FAE04EC0-301F-11D3-BF4B-00C04F79EFBC}") = "DependencyInjection.FromConfiguration", "DependencyInjection.FromConfiguration\DependencyInjection.FromConfiguration.csproj", "{DCF5A08F-1E2D-4B4F-B2AD-6CCE0767CC06}"
EndProject
Global
	GlobalSection(SolutionConfigurationPlatforms) = preSolution
		Debug|Any CPU = Debug|Any CPU
		Release|Any CPU = Release|Any CPU
	EndGlobalSection
	GlobalSection(ProjectConfigurationPlatforms) = postSolution
		{DCF5A08F-1E2D-4B4F-B2AD-6CCE0767CC06}.Debug|Any CPU.ActiveCfg = Debug|Any CPU
		{DCF5A08F-1E2D-4B4F-B2AD-6CCE0767CC06}.Debug|Any CPU.Build.0 = Debug|Any CPU
		{DCF5A08F-1E2D-4B4F-B2AD-6CCE0767CC06}.Release|Any CPU.ActiveCfg = Release|Any CPU
		{DCF5A08F-1E2D-4B4F-B2AD-6CCE0767CC06}.Release|Any CPU.Build.0 = Release|Any CPU
	EndGlobalSection
	GlobalSection(SolutionProperties) = preSolution
		HideSolutionNode = FALSE
	EndGlobalSection
	GlobalSection(ExtensibilityGlobals) = postSolution
		SolutionGuid = {442E4D4D-AE00-460E-A83F-D56171E7888E}
	EndGlobalSection
	GlobalSection(NestedProjects) = preSolution
	EndGlobalSection
EndGlobal
